# THIS IS AN AUTOGENERATED FILE. DO NOT EDIT THIS FILE DIRECTLY.
# yarn lockfile v1


aos@^2.3.4:
  version "2.3.4"
  resolved "https://registry.yarnpkg.com/aos/-/aos-2.3.4.tgz#eb1c29f5c1806a197cf6323080747547edd3db8e"
  integrity sha512-zh/ahtR2yME4I51z8IttIt4lC1Nw0ktsFtmeDzID1m9naJnWXhCoARaCgNOGXb5CLy3zm+wqmRAEgMYB5E2HUw==
  dependencies:
    classlist-polyfill "^1.0.3"
    lodash.debounce "^4.0.6"
    lodash.throttle "^4.0.1"

classlist-polyfill@^1.0.3:
  version "1.2.0"
  resolved "https://registry.yarnpkg.com/classlist-polyfill/-/classlist-polyfill-1.2.0.tgz#935bc2dfd9458a876b279617514638bcaa964a2e"
  integrity sha512-GzIjNdcEtH4ieA2S8NmrSxv7DfEV5fmixQeyTmqmRmRJPGpRBaSnA2a0VrCjyT8iW8JjEdMbKzDotAJf+ajgaQ==

lodash.debounce@^4.0.6:
  version "4.0.8"
  resolved "https://registry.yarnpkg.com/lodash.debounce/-/lodash.debounce-4.0.8.tgz#82d79bff30a67c4005ffd5e2515300ad9ca4d7af"
  integrity sha512-FT1yDzDYEoYWhnSGnpE/4Kj1fLZkDFyqRb7fNt6FdYOSxlUWAtp42Eh6Wb0rGIv/m9Bgo7x4GhQbm5Ys4SG5ow==

lodash.throttle@^4.0.1:
  version "4.1.1"
  resolved "https://registry.yarnpkg.com/lodash.throttle/-/lodash.throttle-4.1.1.tgz#c23e91b710242ac70c37f1e1cda9274cc39bf2f4"
  integrity sha512-wIkUCfVKpVsWo3JSZlc+8MB5it+2AN5W8J7YVMST30UrvcQNZ1Okbj+rbVniijTWE6FGYy4XJq/rHkas8qJMLQ==

prettier-html-templates@^0.1.0:
  version "0.1.0"
  resolved "https://registry.yarnpkg.com/prettier-html-templates/-/prettier-html-templates-0.1.0.tgz#dfa12bd71c032e3b796e8c645210c5614403575d"
  integrity sha512-KdLveYzO2kJLiwUAebd5UFeKP8h3OqFhOiLbkgeIuS1WNoCRTyxW4KuyGfbh3F+Rp/2A6mipRxCq2zPi+//pmg==

prettier-plugin-erb@^0.4.0:
  version "0.4.0"
  resolved "https://registry.yarnpkg.com/prettier-plugin-erb/-/prettier-plugin-erb-0.4.0.tgz#5a2a86e02c6360481187aaadd165bc598eda4412"
  integrity sha512-5RAdvT5BBf29hfC8GmqiMRFiD5g4BZGZDERZHvM5ouOor2TVT0jM0ntmCzFpS2Q32OkUAGFYsRxXDoYscvToXA==
  dependencies:
    prettier-html-templates "^0.1.0"

prettier@^2.2.1:
  version "2.8.8"
  resolved "https://registry.yarnpkg.com/prettier/-/prettier-2.8.8.tgz#e8c5d7e98a4305ffe3de2e1fc4aca1a71c28b1da"
  integrity sha512-tdN8qQGvNjw4CHbY+XXk0JgCXn9QiF21a55rBe5LJAU+kDyC4WQn4+awm2Xfk2lQMk5fKup9XgzTZtGkjBdP9Q==
